
Microsoft Visual Studio Solution File, Format Version 12.00
# Visual Studio 15
VisualStudioVersion = 15.0.28010.2016
MinimumVisualStudioVersion = 10.0.40219.1
Project("{888888A0-9F3D-457C-B088-3A5042F75D52}") = "addNewToList", "addNewToList.pyproj", "{9D2D34C6-24C6-4091-A4A7-FA33F52EAB99}"
EndProject
Global
	GlobalSection(SolutionConfigurationPlatforms) = preSolution
		Debug|Any CPU = Debug|Any CPU
		Release|Any CPU = Release|Any CPU
	EndGlobalSection
	GlobalSection(ProjectConfigurationPlatforms) = postSolution
		{9D2D34C6-24C6-4091-A4A7-FA33F52EAB99}.Debug|Any CPU.ActiveCfg = Debug|Any CPU
		{9D2D34C6-24C6-4091-A4A7-FA33F52EAB99}.Release|Any CPU.ActiveCfg = Release|Any CPU
	EndGlobalSection
	GlobalSection(SolutionProperties) = preSolution
		HideSolutionNode = FALSE
	EndGlobalSection
	GlobalSection(ExtensibilityGlobals) = postSolution
		SolutionGuid = {CC962571-F022-48F6-AA9D-49BF69A70817}
	EndGlobalSection
EndGlobal
