
Microsoft Visual Studio Solution File, Format Version 12.00
# Visual Studio 15
VisualStudioVersion = 15.0.28307.572
MinimumVisualStudioVersion = 10.0.40219.1
Project("{888888A0-9F3D-457C-B088-3A5042F75D52}") = "1_Approved_Hours", "1_Approved_Hours.pyproj", "{ACEF6347-72E8-4608-AF2D-135F39D50AE1}"
EndProject
Global
	GlobalSection(SolutionConfigurationPlatforms) = preSolution
		Debug|Any CPU = Debug|Any CPU
		Release|Any CPU = Release|Any CPU
	EndGlobalSection
	GlobalSection(ProjectConfigurationPlatforms) = postSolution
		{ACEF6347-72E8-4608-AF2D-135F39D50AE1}.Debug|Any CPU.ActiveCfg = Debug|Any CPU
		{ACEF6347-72E8-4608-AF2D-135F39D50AE1}.Release|Any CPU.ActiveCfg = Release|Any CPU
	EndGlobalSection
	GlobalSection(SolutionProperties) = preSolution
		HideSolutionNode = FALSE
	EndGlobalSection
	GlobalSection(ExtensibilityGlobals) = postSolution
		SolutionGuid = {A1E95E0E-E325-48B1-AB76-847A9548428A}
	EndGlobalSection
EndGlobal
