
Microsoft Visual Studio Solution File, Format Version 12.00
# Visual Studio 15
VisualStudioVersion = 15.0.28307.572
MinimumVisualStudioVersion = 10.0.40219.1
Project("{888888A0-9F3D-457C-B088-3A5042F75D52}") = "Python_SQL_InfoMembers_V2", "Python_SQL_InfoMembers_V2.pyproj", "{5C4A0EE4-F892-4987-BBBB-AEA29903E4C9}"
EndProject
Global
	GlobalSection(SolutionConfigurationPlatforms) = preSolution
		Debug|Any CPU = Debug|Any CPU
		Release|Any CPU = Release|Any CPU
	EndGlobalSection
	GlobalSection(ProjectConfigurationPlatforms) = postSolution
		{5C4A0EE4-F892-4987-BBBB-AEA29903E4C9}.Debug|Any CPU.ActiveCfg = Debug|Any CPU
		{5C4A0EE4-F892-4987-BBBB-AEA29903E4C9}.Release|Any CPU.ActiveCfg = Release|Any CPU
	EndGlobalSection
	GlobalSection(SolutionProperties) = preSolution
		HideSolutionNode = FALSE
	EndGlobalSection
	GlobalSection(ExtensibilityGlobals) = postSolution
		SolutionGuid = {657F52CB-9D48-410B-81B7-3D08E55A6E80}
	EndGlobalSection
EndGlobal
