
Microsoft Visual Studio Solution File, Format Version 12.00
# Visual Studio 15
VisualStudioVersion = 15.0.28307.489
MinimumVisualStudioVersion = 10.0.40219.1
Project("{888888A0-9F3D-457C-B088-3A5042F75D52}") = "Python_SQL_InfoMembers", "Python_SQL_InfoMembers.pyproj", "{6F448737-D58B-4055-B79D-DC83E600C469}"
EndProject
Global
	GlobalSection(SolutionConfigurationPlatforms) = preSolution
		Debug|Any CPU = Debug|Any CPU
		Release|Any CPU = Release|Any CPU
	EndGlobalSection
	GlobalSection(ProjectConfigurationPlatforms) = postSolution
		{6F448737-D58B-4055-B79D-DC83E600C469}.Debug|Any CPU.ActiveCfg = Debug|Any CPU
		{6F448737-D58B-4055-B79D-DC83E600C469}.Release|Any CPU.ActiveCfg = Release|Any CPU
	EndGlobalSection
	GlobalSection(SolutionProperties) = preSolution
		HideSolutionNode = FALSE
	EndGlobalSection
	GlobalSection(ExtensibilityGlobals) = postSolution
		SolutionGuid = {FFC36245-6446-470F-A0F9-C16FC0AF4483}
	EndGlobalSection
EndGlobal
